
Microsoft Visual Studio Solution File, Format Version 11.00
# Visual Studio 2010
Project("{FAE04EC0-301F-11D3-BF4B-00C04F79EFBC}") = "Assembly-CSharp", "Assembly-CSharp.csproj", "{abee130f-1243-96f7-04dc-cb639479b0aa}"
EndProject
Project("{FAE04EC0-301F-11D3-BF4B-00C04F79EFBC}") = "Assembly-CSharp-Editor", "Assembly-CSharp-Editor.csproj", "{1a9f9235-dae1-0fc5-65bc-03f84f4d58f6}"
EndProject
Global
	GlobalSection(SolutionConfigurationPlatforms) = preSolution
		Debug|Any CPU = Debug|Any CPU
	EndGlobalSection
	GlobalSection(ProjectConfigurationPlatforms) = postSolution
		{abee130f-1243-96f7-04dc-cb639479b0aa}.Debug|Any CPU.ActiveCfg = Debug|Any CPU
		{abee130f-1243-96f7-04dc-cb639479b0aa}.Debug|Any CPU.Build.0 = Debug|Any CPU
		{1a9f9235-dae1-0fc5-65bc-03f84f4d58f6}.Debug|Any CPU.ActiveCfg = Debug|Any CPU
		{1a9f9235-dae1-0fc5-65bc-03f84f4d58f6}.Debug|Any CPU.Build.0 = Debug|Any CPU
	EndGlobalSection
	GlobalSection(SolutionProperties) = preSolution
		HideSolutionNode = FALSE
	EndGlobalSection
EndGlobal
